
Microsoft Visual Studio Solution File, Format Version 12.00
# Visual Studio Version 17
VisualStudioVersion = 17.14.36518.9 d17.14
MinimumVisualStudioVersion = 10.0.40219.1
Project("{FAE04EC0-301F-11D3-BF4B-00C04F79EFBC}") = "BTTH04_24520765_PhamNgocGiaKhang", "BTTH04_24520765_PhamNgocGiaKhang.csproj", "{A21EDABA-398F-4241-9A06-22CDF1C776DB}"
EndProject
Global
	GlobalSection(SolutionConfigurationPlatforms) = preSolution
		Debug|Any CPU = Debug|Any CPU
		Release|Any CPU = Release|Any CPU
	EndGlobalSection
	GlobalSection(ProjectConfigurationPlatforms) = postSolution
		{A21EDABA-398F-4241-9A06-22CDF1C776DB}.Debug|Any CPU.ActiveCfg = Debug|Any CPU
		{A21EDABA-398F-4241-9A06-22CDF1C776DB}.Debug|Any CPU.Build.0 = Debug|Any CPU
		{A21EDABA-398F-4241-9A06-22CDF1C776DB}.Release|Any CPU.ActiveCfg = Release|Any CPU
		{A21EDABA-398F-4241-9A06-22CDF1C776DB}.Release|Any CPU.Build.0 = Release|Any CPU
	EndGlobalSection
	GlobalSection(SolutionProperties) = preSolution
		HideSolutionNode = FALSE
	EndGlobalSection
	GlobalSection(ExtensibilityGlobals) = postSolution
		SolutionGuid = {4772256E-AD6D-4227-9F50-616875F0D67B}
	EndGlobalSection
EndGlobal
